
Microsoft Visual Studio Solution File, Format Version 12.00
# Visual Studio 15
VisualStudioVersion = 15.0.28307.1300
MinimumVisualStudioVersion = 10.0.40219.1
Project("{FAE04EC0-301F-11D3-BF4B-00C04F79EFBC}") = "ConsoleApp4", "ConsoleApp4\ConsoleApp4.csproj", "{11F4C154-8FD2-47FF-92CE-EE9F750901EB}"
EndProject
Global
	GlobalSection(SolutionConfigurationPlatforms) = preSolution
		Debug|Any CPU = Debug|Any CPU
		Release|Any CPU = Release|Any CPU
	EndGlobalSection
	GlobalSection(ProjectConfigurationPlatforms) = postSolution
		{11F4C154-8FD2-47FF-92CE-EE9F750901EB}.Debug|Any CPU.ActiveCfg = Debug|Any CPU
		{11F4C154-8FD2-47FF-92CE-EE9F750901EB}.Debug|Any CPU.Build.0 = Debug|Any CPU
		{11F4C154-8FD2-47FF-92CE-EE9F750901EB}.Release|Any CPU.ActiveCfg = Release|Any CPU
		{11F4C154-8FD2-47FF-92CE-EE9F750901EB}.Release|Any CPU.Build.0 = Release|Any CPU
	EndGlobalSection
	GlobalSection(SolutionProperties) = preSolution
		HideSolutionNode = FALSE
	EndGlobalSection
	GlobalSection(ExtensibilityGlobals) = postSolution
		SolutionGuid = {00A3FE67-2C54-4E61-8055-E86F9072D792}
	EndGlobalSection
EndGlobal
